
Microsoft Visual Studio Solution File, Format Version 12.00
# Visual Studio Version 17
VisualStudioVersion = 17.4.33213.308
MinimumVisualStudioVersion = 10.0.40219.1
Project("{FAE04EC0-301F-11D3-BF4B-00C04F79EFBC}") = "WpfApp2", "WpfApp2\WpfApp2.csproj", "{D0A53ABA-CA66-4150-883A-A93E4FFDAD17}"
EndProject
Global
	GlobalSection(SolutionConfigurationPlatforms) = preSolution
		Debug|Any CPU = Debug|Any CPU
		Release|Any CPU = Release|Any CPU
	EndGlobalSection
	GlobalSection(ProjectConfigurationPlatforms) = postSolution
		{D0A53ABA-CA66-4150-883A-A93E4FFDAD17}.Debug|Any CPU.ActiveCfg = Debug|Any CPU
		{D0A53ABA-CA66-4150-883A-A93E4FFDAD17}.Debug|Any CPU.Build.0 = Debug|Any CPU
		{D0A53ABA-CA66-4150-883A-A93E4FFDAD17}.Release|Any CPU.ActiveCfg = Release|Any CPU
		{D0A53ABA-CA66-4150-883A-A93E4FFDAD17}.Release|Any CPU.Build.0 = Release|Any CPU
	EndGlobalSection
	GlobalSection(SolutionProperties) = preSolution
		HideSolutionNode = FALSE
	EndGlobalSection
	GlobalSection(ExtensibilityGlobals) = postSolution
		SolutionGuid = {9EF0825A-2125-48BE-84CB-98A469A50288}
	EndGlobalSection
EndGlobal
